
Microsoft Visual Studio Solution File, Format Version 12.00
# Visual Studio Version 16
VisualStudioVersion = 16.0.29926.136
MinimumVisualStudioVersion = 10.0.40219.1
Project("{FAE04EC0-301F-11D3-BF4B-00C04F79EFBC}") = "AutomationTestFeatureFile", "AutomationTestFeatureFile\AutomationTestFeatureFile.csproj", "{122CDA27-4FDD-4531-9435-AC3589F5A48B}"
EndProject
Global
	GlobalSection(SolutionConfigurationPlatforms) = preSolution
		Debug|Any CPU = Debug|Any CPU
		Release|Any CPU = Release|Any CPU
	EndGlobalSection
	GlobalSection(ProjectConfigurationPlatforms) = postSolution
		{122CDA27-4FDD-4531-9435-AC3589F5A48B}.Debug|Any CPU.ActiveCfg = Debug|Any CPU
		{122CDA27-4FDD-4531-9435-AC3589F5A48B}.Debug|Any CPU.Build.0 = Debug|Any CPU
		{122CDA27-4FDD-4531-9435-AC3589F5A48B}.Release|Any CPU.ActiveCfg = Release|Any CPU
		{122CDA27-4FDD-4531-9435-AC3589F5A48B}.Release|Any CPU.Build.0 = Release|Any CPU
	EndGlobalSection
	GlobalSection(SolutionProperties) = preSolution
		HideSolutionNode = FALSE
	EndGlobalSection
	GlobalSection(ExtensibilityGlobals) = postSolution
		SolutionGuid = {36709A8B-B4BB-4E48-AFCF-6A58C1A5B64A}
	EndGlobalSection
EndGlobal
